
Microsoft Visual Studio Solution File, Format Version 12.00
# Visual Studio Version 17
VisualStudioVersion = 17.8.34330.188
MinimumVisualStudioVersion = 10.0.40219.1
Project("{FAE04EC0-301F-11D3-BF4B-00C04F79EFBC}") = "Esoft", "Esoft.csproj", "{12AC2F26-E4E6-466D-8DD6-71EDED0EB21C}"
EndProject
Global
	GlobalSection(SolutionConfigurationPlatforms) = preSolution
		Debug|Any CPU = Debug|Any CPU
		Release|Any CPU = Release|Any CPU
	EndGlobalSection
	GlobalSection(ProjectConfigurationPlatforms) = postSolution
		{12AC2F26-E4E6-466D-8DD6-71EDED0EB21C}.Debug|Any CPU.ActiveCfg = Debug|Any CPU
		{12AC2F26-E4E6-466D-8DD6-71EDED0EB21C}.Debug|Any CPU.Build.0 = Debug|Any CPU
		{12AC2F26-E4E6-466D-8DD6-71EDED0EB21C}.Release|Any CPU.ActiveCfg = Release|Any CPU
		{12AC2F26-E4E6-466D-8DD6-71EDED0EB21C}.Release|Any CPU.Build.0 = Release|Any CPU
	EndGlobalSection
	GlobalSection(SolutionProperties) = preSolution
		HideSolutionNode = FALSE
	EndGlobalSection
	GlobalSection(ExtensibilityGlobals) = postSolution
		SolutionGuid = {8B3E559E-A583-4616-9F2E-C771A2B92355}
	EndGlobalSection
EndGlobal
